// !$*UTF8*$!
{
	archiveVersion = 1;
	classes = {
	};
	objectVersion = 46;
	objects = {

/* Begin PBXBuildFile section */
		A2D820221D7AACF3006674ED /* fixmem_vector_test.mm in Sources */ = {isa = PBXBuildFile; fileRef = A2D820211D7AACF3006674ED /* fixmem_vector_test.mm */; };
/* End PBXBuildFile section */

/* Begin PBXFileReference section */
		A2D8201F1D7AACF3006674ED /* fixmem_vector_test.xctest */ = {isa = PBXFileReference; explicitFileType = wrapper.cfbundle; includeInIndex = 0; path = fixmem_vector_test.xctest; sourceTree = BUILT_PRODUCTS_DIR; };
		A2D820211D7AACF3006674ED /* fixmem_vector_test.mm */ = {isa = PBXFileReference; lastKnownFileType = sourcecode.cpp.objcpp; path = fixmem_vector_test.mm; sourceTree = "<group>"; };
		A2D820231D7AACF3006674ED /* Info.plist */ = {isa = PBXFileReference; lastKnownFileType = text.plist.xml; path = Info.plist; sourceTree = "<group>"; };
		A2D8202B1D7AADAA006674ED /* fixmem_vector.h */ = {isa = PBXFileReference; fileEncoding = 4; lastKnownFileType = sourcecode.c.h; path = fixmem_vector.h; sourceTree = "<group>"; };
/* End PBXFileReference section */

/* Begin PBXFrameworksBuildPhase section */
		A2D8201C1D7AACF3006674ED /* Frameworks */ = {
			isa = PBXFrameworksBuildPhase;
			buildActionMask = 2147483647;
			files = (
			);
			runOnlyForDeploymentPostprocessing = 0;
		};
/* End PBXFrameworksBuildPhase section */

/* Begin PBXGroup section */
		A2D8200B1D7AACDB006674ED = {
			isa = PBXGroup;
			children = (
				A2D8202A1D7AADAA006674ED /* Library */,
				A2D820201D7AACF3006674ED /* fixmem_vector_test */,
				A2D820151D7AACDB006674ED /* Products */,
			);
			sourceTree = "<group>";
		};
		A2D820151D7AACDB006674ED /* Products */ = {
			isa = PBXGroup;
			children = (
				A2D8201F1D7AACF3006674ED /* fixmem_vector_test.xctest */,
			);
			name = Products;
			sourceTree = "<group>";
		};
		A2D820201D7AACF3006674ED /* fixmem_vector_test */ = {
			isa = PBXGroup;
			children = (
				A2D820211D7AACF3006674ED /* fixmem_vector_test.mm */,
				A2D820231D7AACF3006674ED /* Info.plist */,
			);
			path = fixmem_vector_test;
			sourceTree = "<group>";
		};
		A2D8202A1D7AADAA006674ED /* Library */ = {
			isa = PBXGroup;
			children = (
				A2D8202B1D7AADAA006674ED /* fixmem_vector.h */,
			);
			path = Library;
			sourceTree = "<group>";
		};
/* End PBXGroup section */

/* Begin PBXNativeTarget section */
		A2D8201E1D7AACF3006674ED /* fixmem_vector_test */ = {
			isa = PBXNativeTarget;
			buildConfigurationList = A2D820271D7AACF3006674ED /* Build configuration list for PBXNativeTarget "fixmem_vector_test" */;
			buildPhases = (
				A2D8201B1D7AACF3006674ED /* Sources */,
				A2D8201C1D7AACF3006674ED /* Frameworks */,
				A2D8201D1D7AACF3006674ED /* Resources */,
			);
			buildRules = (
			);
			dependencies = (
			);
			name = fixmem_vector_test;
			productName = fixmem_vector_test;
			productReference = A2D8201F1D7AACF3006674ED /* fixmem_vector_test.xctest */;
			productType = "com.apple.product-type.bundle.unit-test";
		};
/* End PBXNativeTarget section */

/* Begin PBXProject section */
		A2D8200C1D7AACDB006674ED /* Project object */ = {
			isa = PBXProject;
			attributes = {
				LastUpgradeCheck = 0730;
				ORGANIZATIONNAME = pebble8888;
				TargetAttributes = {
					A2D8201E1D7AACF3006674ED = {
						CreatedOnToolsVersion = 7.3.1;
					};
				};
			};
			buildConfigurationList = A2D8200F1D7AACDB006674ED /* Build configuration list for PBXProject "fixmem_vector" */;
			compatibilityVersion = "Xcode 3.2";
			developmentRegion = English;
			hasScannedForEncodings = 0;
			knownRegions = (
				en,
			);
			mainGroup = A2D8200B1D7AACDB006674ED;
			productRefGroup = A2D820151D7AACDB006674ED /* Products */;
			projectDirPath = "";
			projectRoot = "";
			targets = (
				A2D8201E1D7AACF3006674ED /* fixmem_vector_test */,
			);
		};
/* End PBXProject section */

/* Begin PBXResourcesBuildPhase section */
		A2D8201D1D7AACF3006674ED /* Resources */ = {
			isa = PBXResourcesBuildPhase;
			buildActionMask = 2147483647;
			files = (
			);
			runOnlyForDeploymentPostprocessing = 0;
		};
/* End PBXResourcesBuildPhase section */

/* Begin PBXSourcesBuildPhase section */
		A2D8201B1D7AACF3006674ED /* Sources */ = {
			isa = PBXSourcesBuildPhase;
			buildActionMask = 2147483647;
			files = (
				A2D820221D7AACF3006674ED /* fixmem_vector_test.mm in Sources */,
			);
			runOnlyForDeploymentPostprocessing = 0;
		};
/* End PBXSourcesBuildPhase section */

/* Begin XCBuildConfiguration section */
		A2D820161D7AACDB006674ED /* Debug */ = {
			isa = XCBuildConfiguration;
			buildSettings = {
				ALWAYS_SEARCH_USER_PATHS = NO;
				CLANG_ANALYZER_NONNULL = YES;
				CLANG_CXX_LANGUAGE_STANDARD = "gnu++0x";
				CLANG_CXX_LIBRARY = "libc++";
				CLANG_ENABLE_MODULES = YES;
				CLANG_ENABLE_OBJC_ARC = YES;
				CLANG_WARN_BOOL_CONVERSION = YES;
				CLANG_WARN_CONSTANT_CONVERSION = YES;
				CLANG_WARN_DIRECT_OBJC_ISA_USAGE = YES_ERROR;
				CLANG_WARN_EMPTY_BODY = YES;
				CLANG_WARN_ENUM_CONVERSION = YES;
				CLANG_WARN_INT_CONVERSION = YES;
				CLANG_WARN_OBJC_ROOT_CLASS = YES_ERROR;
				CLANG_WARN_UNREACHABLE_CODE = YES;
				CLANG_WARN__DUPLICATE_METHOD_MATCH = YES;
				CODE_SIGN_IDENTITY = "-";
				COPY_PHASE_STRIP = NO;
				DEBUG_INFORMATION_FORMAT = dwarf;
				ENABLE_STRICT_OBJC_MSGSEND = YES;
				ENABLE_TESTABILITY = YES;
				GCC_C_LANGUAGE_STANDARD = gnu99;
				GCC_DYNAMIC_NO_PIC = NO;
				GCC_NO_COMMON_BLOCKS = YES;
				GCC_OPTIMIZATION_LEVEL = 0;
				GCC_PREPROCESSOR_DEFINITIONS = (
					"DEBUG=1",
					"$(inherited)",
				);
				GCC_WARN_64_TO_32_BIT_CONVERSION = YES;
				GCC_WARN_ABOUT_RETURN_TYPE = YES_ERROR;
				GCC_WARN_UNDECLARED_SELECTOR = YES;
				GCC_WARN_UNINITIALIZED_AUTOS = YES_AGGRESSIVE;
				GCC_WARN_UNUSED_FUNCTION = YES;
				GCC_WARN_UNUSED_VARIABLE = YES;
				MACOSX_DEPLOYMENT_TARGET = 10.11;
				MTL_ENABLE_DEBUG_INFO = YES;
				ONLY_ACTIVE_ARCH = YES;
				SDKROOT = macosx;
			};
			name = Debug;
		};
		A2D820171D7AACDB006674ED /* Release */ = {
			isa = XCBuildConfiguration;
			buildSettings = {
				ALWAYS_SEARCH_USER_PATHS = NO;
				CLANG_ANALYZER_NONNULL = YES;
				CLANG_CXX_LANGUAGE_STANDARD = "gnu++0x";
				CLANG_CXX_LIBRARY = "libc++";
				CLANG_ENABLE_MODULES = YES;
				CLANG_ENABLE_OBJC_ARC = YES;
				CLANG_WARN_BOOL_CONVERSION = YES;
				CLANG_WARN_CONSTANT_CONVERSION = YES;
				CLANG_WARN_DIRECT_OBJC_ISA_USAGE = YES_ERROR;
				CLANG_WARN_EMPTY_BODY = YES;
				CLANG_WARN_ENUM_CONVERSION = YES;
				CLANG_WARN_INT_CONVERSION = YES;
				CLANG_WARN_OBJC_ROOT_CLASS = YES_ERROR;
				CLANG_WARN_UNREACHABLE_CODE = YES;
				CLANG_WARN__DUPLICATE_METHOD_MATCH = YES;
				CODE_SIGN_IDENTITY = "-";
				COPY_PHASE_STRIP = NO;
				DEBUG_INFORMATION_FORMAT = "dwarf-with-dsym";
				ENABLE_NS_ASSERTIONS = NO;
				ENABLE_STRICT_OBJC_MSGSEND = YES;
				GCC_C_LANGUAGE_STANDARD = gnu99;
				GCC_NO_COMMON_BLOCKS = YES;
				GCC_WARN_64_TO_32_BIT_CONVERSION = YES;
				GCC_WARN_ABOUT_RETURN_TYPE = YES_ERROR;
				GCC_WARN_UNDECLARED_SELECTOR = YES;
				GCC_WARN_UNINITIALIZED_AUTOS = YES_AGGRESSIVE;
				GCC_WARN_UNUSED_FUNCTION = YES;
				GCC_WARN_UNUSED_VARIABLE = YES;
				MACOSX_DEPLOYMENT_TARGET = 10.11;
				MTL_ENABLE_DEBUG_INFO = NO;
				SDKROOT = macosx;
			};
			name = Release;
		};
		A2D820281D7AACF3006674ED /* Debug */ = {
			isa = XCBuildConfiguration;
			buildSettings = {
				COMBINE_HIDPI_IMAGES = YES;
				INFOPLIST_FILE = fixmem_vector_test/Info.plist;
				LD_RUNPATH_SEARCH_PATHS = "$(inherited) @executable_path/../Frameworks @loader_path/../Frameworks";
				PRODUCT_BUNDLE_IDENTIFIER = "pebble8888.fixmem-vector-test";
				PRODUCT_NAME = "$(TARGET_NAME)";
			};
			name = Debug;
		};
		A2D820291D7AACF3006674ED /* Release */ = {
			isa = XCBuildConfiguration;
			buildSettings = {
				COMBINE_HIDPI_IMAGES = YES;
				INFOPLIST_FILE = fixmem_vector_test/Info.plist;
				LD_RUNPATH_SEARCH_PATHS = "$(inherited) @executable_path/../Frameworks @loader_path/../Frameworks";
				PRODUCT_BUNDLE_IDENTIFIER = "pebble8888.fixmem-vector-test";
				PRODUCT_NAME = "$(TARGET_NAME)";
			};
			name = Release;
		};
/* End XCBuildConfiguration section */

/* Begin XCConfigurationList section */
		A2D8200F1D7AACDB006674ED /* Build configuration list for PBXProject "fixmem_vector" */ = {
			isa = XCConfigurationList;
			buildConfigurations = (
				A2D820161D7AACDB006674ED /* Debug */,
				A2D820171D7AACDB006674ED /* Release */,
			);
			defaultConfigurationIsVisible = 0;
			defaultConfigurationName = Release;
		};
		A2D820271D7AACF3006674ED /* Build configuration list for PBXNativeTarget "fixmem_vector_test" */ = {
			isa = XCConfigurationList;
			buildConfigurations = (
				A2D820281D7AACF3006674ED /* Debug */,
				A2D820291D7AACF3006674ED /* Release */,
			);
			defaultConfigurationIsVisible = 0;
		};
/* End XCConfigurationList section */
	};
	rootObject = A2D8200C1D7AACDB006674ED /* Project object */;
}
